
Microsoft Visual Studio Solution File, Format Version 12.00
# Visual Studio Version 17
VisualStudioVersion = 17.10.35013.160
MinimumVisualStudioVersion = 10.0.40219.1
Project("{2150E333-8FDC-42A3-9474-1A3956D46DE8}") = "src", "src", "{0EC25E3F-F02E-41BC-A57B-3E822A22182D}"
EndProject
Project("{2150E333-8FDC-42A3-9474-1A3956D46DE8}") = "infos", "infos", "{20ADB67F-81AE-419C-98EE-9F1CB6B56726}"
	ProjectSection(SolutionItems) = preProject
		ports.txt = ports.txt
	EndProjectSection
EndProject
Project("{2150E333-8FDC-42A3-9474-1A3956D46DE8}") = "Services", "Services", "{F6FFA4E6-2A39-4C0B-BB13-4FA4E4F7AB6D}"
EndProject
Project("{9A19103F-16F7-4668-BE54-9A1E7A4F7556}") = "Post.Service", "src\Services\Post.Service\Post.Service.csproj", "{F24FDDA8-B571-436A-9542-D25FEC233E72}"
EndProject
Project("{9A19103F-16F7-4668-BE54-9A1E7A4F7556}") = "Comment.Service", "src\Services\Comment.Service\Comment.Service.csproj", "{E65FC997-2910-4EE7-8587-98D27535C89B}"
EndProject
Project("{9A19103F-16F7-4668-BE54-9A1E7A4F7556}") = "User.Service", "src\Services\User.Service\User.Service.csproj", "{9CBAB7F6-7825-4DF3-8CBC-12CE59BC76A3}"
EndProject
Project("{2150E333-8FDC-42A3-9474-1A3956D46DE8}") = "Shared", "Shared", "{42AA8A9B-ED27-454E-AEBE-0909FFBEC9D9}"
EndProject
Project("{9A19103F-16F7-4668-BE54-9A1E7A4F7556}") = "Shared", "src\Shared\Shared\Shared.csproj", "{E6EE7E9A-773E-4A85-849B-F12C475A23CC}"
EndProject
Project("{FAE04EC0-301F-11D3-BF4B-00C04F79EFBC}") = "OutboxTable.Service", "src\Services\OutboxTable.Service\OutboxTable.Service.csproj", "{7DFB664B-ED43-4E88-96ED-C2562E8D3381}"
EndProject
Global
	GlobalSection(SolutionConfigurationPlatforms) = preSolution
		Debug|Any CPU = Debug|Any CPU
		Release|Any CPU = Release|Any CPU
	EndGlobalSection
	GlobalSection(ProjectConfigurationPlatforms) = postSolution
		{F24FDDA8-B571-436A-9542-D25FEC233E72}.Debug|Any CPU.ActiveCfg = Debug|Any CPU
		{F24FDDA8-B571-436A-9542-D25FEC233E72}.Debug|Any CPU.Build.0 = Debug|Any CPU
		{F24FDDA8-B571-436A-9542-D25FEC233E72}.Release|Any CPU.ActiveCfg = Release|Any CPU
		{F24FDDA8-B571-436A-9542-D25FEC233E72}.Release|Any CPU.Build.0 = Release|Any CPU
		{E65FC997-2910-4EE7-8587-98D27535C89B}.Debug|Any CPU.ActiveCfg = Debug|Any CPU
		{E65FC997-2910-4EE7-8587-98D27535C89B}.Debug|Any CPU.Build.0 = Debug|Any CPU
		{E65FC997-2910-4EE7-8587-98D27535C89B}.Release|Any CPU.ActiveCfg = Release|Any CPU
		{E65FC997-2910-4EE7-8587-98D27535C89B}.Release|Any CPU.Build.0 = Release|Any CPU
		{9CBAB7F6-7825-4DF3-8CBC-12CE59BC76A3}.Debug|Any CPU.ActiveCfg = Debug|Any CPU
		{9CBAB7F6-7825-4DF3-8CBC-12CE59BC76A3}.Debug|Any CPU.Build.0 = Debug|Any CPU
		{9CBAB7F6-7825-4DF3-8CBC-12CE59BC76A3}.Release|Any CPU.ActiveCfg = Release|Any CPU
		{9CBAB7F6-7825-4DF3-8CBC-12CE59BC76A3}.Release|Any CPU.Build.0 = Release|Any CPU
		{E6EE7E9A-773E-4A85-849B-F12C475A23CC}.Debug|Any CPU.ActiveCfg = Debug|Any CPU
		{E6EE7E9A-773E-4A85-849B-F12C475A23CC}.Debug|Any CPU.Build.0 = Debug|Any CPU
		{E6EE7E9A-773E-4A85-849B-F12C475A23CC}.Release|Any CPU.ActiveCfg = Release|Any CPU
		{E6EE7E9A-773E-4A85-849B-F12C475A23CC}.Release|Any CPU.Build.0 = Release|Any CPU
		{7DFB664B-ED43-4E88-96ED-C2562E8D3381}.Debug|Any CPU.ActiveCfg = Debug|Any CPU
		{7DFB664B-ED43-4E88-96ED-C2562E8D3381}.Debug|Any CPU.Build.0 = Debug|Any CPU
		{7DFB664B-ED43-4E88-96ED-C2562E8D3381}.Release|Any CPU.ActiveCfg = Release|Any CPU
		{7DFB664B-ED43-4E88-96ED-C2562E8D3381}.Release|Any CPU.Build.0 = Release|Any CPU
	EndGlobalSection
	GlobalSection(SolutionProperties) = preSolution
		HideSolutionNode = FALSE
	EndGlobalSection
	GlobalSection(NestedProjects) = preSolution
		{F6FFA4E6-2A39-4C0B-BB13-4FA4E4F7AB6D} = {0EC25E3F-F02E-41BC-A57B-3E822A22182D}
		{F24FDDA8-B571-436A-9542-D25FEC233E72} = {F6FFA4E6-2A39-4C0B-BB13-4FA4E4F7AB6D}
		{E65FC997-2910-4EE7-8587-98D27535C89B} = {F6FFA4E6-2A39-4C0B-BB13-4FA4E4F7AB6D}
		{9CBAB7F6-7825-4DF3-8CBC-12CE59BC76A3} = {F6FFA4E6-2A39-4C0B-BB13-4FA4E4F7AB6D}
		{42AA8A9B-ED27-454E-AEBE-0909FFBEC9D9} = {0EC25E3F-F02E-41BC-A57B-3E822A22182D}
		{E6EE7E9A-773E-4A85-849B-F12C475A23CC} = {42AA8A9B-ED27-454E-AEBE-0909FFBEC9D9}
		{7DFB664B-ED43-4E88-96ED-C2562E8D3381} = {F6FFA4E6-2A39-4C0B-BB13-4FA4E4F7AB6D}
	EndGlobalSection
	GlobalSection(ExtensibilityGlobals) = postSolution
		SolutionGuid = {583BCEEE-6DA1-49AF-B0D8-EEF8421B0D87}
	EndGlobalSection
EndGlobal
